Microsoft Visual Studio Solution File, Format Version 12.00
# Visual Studio Version 17
VisualStudioVersion = 17.5.2.0
MinimumVisualStudioVersion = 10.0.40219.1
Project("{FAE04EC0-301F-11D3-BF4B-00C04F79EFBC}") = ".net api", ".net api.csproj", "{162D2977-8E62-6D3E-FF88-559C2A37B835}"
EndProject
Global
	GlobalSection(SolutionConfigurationPlatforms) = preSolution
		Debug|Any CPU = Debug|Any CPU
		Release|Any CPU = Release|Any CPU
	EndGlobalSection
	GlobalSection(ProjectConfigurationPlatforms) = postSolution
		{162D2977-8E62-6D3E-FF88-559C2A37B835}.Debug|Any CPU.ActiveCfg = Debug|Any CPU
		{162D2977-8E62-6D3E-FF88-559C2A37B835}.Debug|Any CPU.Build.0 = Debug|Any CPU
		{162D2977-8E62-6D3E-FF88-559C2A37B835}.Release|Any CPU.ActiveCfg = Release|Any CPU
		{162D2977-8E62-6D3E-FF88-559C2A37B835}.Release|Any CPU.Build.0 = Release|Any CPU
	EndGlobalSection
	GlobalSection(SolutionProperties) = preSolution
		HideSolutionNode = FALSE
	EndGlobalSection
	GlobalSection(ExtensibilityGlobals) = postSolution
		SolutionGuid = {DD149006-D8DF-49AB-BBFC-D19CE17415F7}
	EndGlobalSection
EndGlobal
